
Microsoft Visual Studio Solution File, Format Version 12.00
# Visual Studio Version 16
VisualStudioVersion = 16.0.30717.126
MinimumVisualStudioVersion = 10.0.40219.1
Project("{FAE04EC0-301F-11D3-BF4B-00C04F79EFBC}") = "WeatherApp", "WeatherApp\WeatherApp.csproj", "{8ABA8503-E6D8-42A5-A381-202CC25D7709}"
EndProject
Global
	GlobalSection(SolutionConfigurationPlatforms) = preSolution
		Debug|Any CPU = Debug|Any CPU
		Release|Any CPU = Release|Any CPU
	EndGlobalSection
	GlobalSection(ProjectConfigurationPlatforms) = postSolution
		{8ABA8503-E6D8-42A5-A381-202CC25D7709}.Debug|Any CPU.ActiveCfg = Debug|Any CPU
		{8ABA8503-E6D8-42A5-A381-202CC25D7709}.Debug|Any CPU.Build.0 = Debug|Any CPU
		{8ABA8503-E6D8-42A5-A381-202CC25D7709}.Release|Any CPU.ActiveCfg = Release|Any CPU
		{8ABA8503-E6D8-42A5-A381-202CC25D7709}.Release|Any CPU.Build.0 = Release|Any CPU
	EndGlobalSection
	GlobalSection(SolutionProperties) = preSolution
		HideSolutionNode = FALSE
	EndGlobalSection
	GlobalSection(ExtensibilityGlobals) = postSolution
		SolutionGuid = {BD2EA795-6DC4-4F1C-BDEC-CC1A0C3E1FBD}
	EndGlobalSection
EndGlobal
